
Microsoft Visual Studio Solution File, Format Version 12.00
# Visual Studio Version 17
VisualStudioVersion = 17.10.34707.107
MinimumVisualStudioVersion = 10.0.40219.1
Project("{FAE04EC0-301F-11D3-BF4B-00C04F79EFBC}") = "BCuentas", "BCuentas\BCuentas.csproj", "{ACF707AF-2350-4CC4-B454-E4DDB78B3A6E}"
EndProject
Project("{FAE04EC0-301F-11D3-BF4B-00C04F79EFBC}") = "Core", "Core\Core.csproj", "{8ECACE86-C6F6-4A3B-AC88-8D3812F60CED}"
EndProject
Project("{FAE04EC0-301F-11D3-BF4B-00C04F79EFBC}") = "DTO", "DTO\DTO.csproj", "{0B6322F1-BAE9-4E8A-BB62-10645CEA03F1}"
EndProject
Global
	GlobalSection(SolutionConfigurationPlatforms) = preSolution
		Debug|Any CPU = Debug|Any CPU
		Release|Any CPU = Release|Any CPU
	EndGlobalSection
	GlobalSection(ProjectConfigurationPlatforms) = postSolution
		{ACF707AF-2350-4CC4-B454-E4DDB78B3A6E}.Debug|Any CPU.ActiveCfg = Debug|Any CPU
		{ACF707AF-2350-4CC4-B454-E4DDB78B3A6E}.Debug|Any CPU.Build.0 = Debug|Any CPU
		{ACF707AF-2350-4CC4-B454-E4DDB78B3A6E}.Release|Any CPU.ActiveCfg = Release|Any CPU
		{ACF707AF-2350-4CC4-B454-E4DDB78B3A6E}.Release|Any CPU.Build.0 = Release|Any CPU
		{8ECACE86-C6F6-4A3B-AC88-8D3812F60CED}.Debug|Any CPU.ActiveCfg = Debug|Any CPU
		{8ECACE86-C6F6-4A3B-AC88-8D3812F60CED}.Debug|Any CPU.Build.0 = Debug|Any CPU
		{8ECACE86-C6F6-4A3B-AC88-8D3812F60CED}.Release|Any CPU.ActiveCfg = Release|Any CPU
		{8ECACE86-C6F6-4A3B-AC88-8D3812F60CED}.Release|Any CPU.Build.0 = Release|Any CPU
		{0B6322F1-BAE9-4E8A-BB62-10645CEA03F1}.Debug|Any CPU.ActiveCfg = Debug|Any CPU
		{0B6322F1-BAE9-4E8A-BB62-10645CEA03F1}.Debug|Any CPU.Build.0 = Debug|Any CPU
		{0B6322F1-BAE9-4E8A-BB62-10645CEA03F1}.Release|Any CPU.ActiveCfg = Release|Any CPU
		{0B6322F1-BAE9-4E8A-BB62-10645CEA03F1}.Release|Any CPU.Build.0 = Release|Any CPU
	EndGlobalSection
	GlobalSection(SolutionProperties) = preSolution
		HideSolutionNode = FALSE
	EndGlobalSection
	GlobalSection(ExtensibilityGlobals) = postSolution
		SolutionGuid = {38F57C67-556A-4416-9058-849558D50CFA}
	EndGlobalSection
EndGlobal
